DEPENDENCIES
  bks-openldap
    path: .
    metadata: true

GRAPH
  bks-openldap (0.2.0)
    openldap (~> 2.2.0)
  chef-sugar (3.1.0)
  freebsd (0.3.0)
  iptables (1.0.0)
  nscd (0.13.0)
  openldap (2.2.0)
    freebsd (>= 0.0.0)
    nscd (>= 0.0.0)
    openssh (>= 0.0.0)
    openssl (>= 0.0.0)
  openssh (1.4.0)
    iptables (>= 0.0.0)
  openssl (4.0.0)
    chef-sugar (>= 0.0.0)
